
Microsoft Visual Studio Solution File, Format Version 12.00
# Visual Studio Version 17
VisualStudioVersion = 17.2.32616.157
MinimumVisualStudioVersion = 10.0.40219.1
Project("{FAE04EC0-301F-11D3-BF4B-00C04F79EFBC}") = "BlazorPractices", "BlazorPractices\BlazorPractices.csproj", "{945CA619-256E-4A7A-AA4E-091EAA236780}"
EndProject
Global
	GlobalSection(SolutionConfigurationPlatforms) = preSolution
		Debug|Any CPU = Debug|Any CPU
		Release|Any CPU = Release|Any CPU
	EndGlobalSection
	GlobalSection(ProjectConfigurationPlatforms) = postSolution
		{945CA619-256E-4A7A-AA4E-091EAA236780}.Debug|Any CPU.ActiveCfg = Debug|Any CPU
		{945CA619-256E-4A7A-AA4E-091EAA236780}.Debug|Any CPU.Build.0 = Debug|Any CPU
		{945CA619-256E-4A7A-AA4E-091EAA236780}.Release|Any CPU.ActiveCfg = Release|Any CPU
		{945CA619-256E-4A7A-AA4E-091EAA236780}.Release|Any CPU.Build.0 = Release|Any CPU
	EndGlobalSection
	GlobalSection(SolutionProperties) = preSolution
		HideSolutionNode = FALSE
	EndGlobalSection
	GlobalSection(ExtensibilityGlobals) = postSolution
		SolutionGuid = {D54B362A-5EE0-4D78-9506-F770FFB96816}
	EndGlobalSection
EndGlobal
